// !$*UTF8*$!
{
	archiveVersion = 1;
	classes = {
	};
	objectVersion = 48;
	objects = {

/* Begin PBXBuildFile section */
		DB9813EA20F9EA8E00D55313 /* AppDelegate.swift in Sources */ = {isa = PBXBuildFile; fileRef = DB9813E920F9EA8E00D55313 /* AppDelegate.swift */; };
		DB9813EC20F9EA8E00D55313 /* ViewController.swift in Sources */ = {isa = PBXBuildFile; fileRef = DB9813EB20F9EA8E00D55313 /* ViewController.swift */; };
		DB9813EF20F9EA8E00D55313 /* Main.storyboard in Resources */ = {isa = PBXBuildFile; fileRef = DB9813ED20F9EA8E00D55313 /* Main.storyboard */; };
		DB9813F220F9EA8E00D55313 /* CollectionView3_DeleteCell.xcdatamodeld in Sources */ = {isa = PBXBuildFile; fileRef = DB9813F020F9EA8E00D55313 /* CollectionView3_DeleteCell.xcdatamodeld */; };
		DB9813F420F9EA8E00D55313 /* Assets.xcassets in Resources */ = {isa = PBXBuildFile; fileRef = DB9813F320F9EA8E00D55313 /* Assets.xcassets */; };
		DB9813F720F9EA8E00D55313 /* LaunchScreen.storyboard in Resources */ = {isa = PBXBuildFile; fileRef = DB9813F520F9EA8E00D55313 /* LaunchScreen.storyboard */; };
/* End PBXBuildFile section */

/* Begin PBXFileReference section */
		DB9813E620F9EA8E00D55313 /* CollectionView3+DeleteCell.app */ = {isa = PBXFileReference; explicitFileType = wrapper.application; includeInIndex = 0; path = "CollectionView3+DeleteCell.app"; sourceTree = BUILT_PRODUCTS_DIR; };
		DB9813E920F9EA8E00D55313 /* AppDelegate.swift */ = {isa = PBXFileReference; lastKnownFileType = sourcecode.swift; path = AppDelegate.swift; sourceTree = "<group>"; };
		DB9813EB20F9EA8E00D55313 /* ViewController.swift */ = {isa = PBXFileReference; lastKnownFileType = sourcecode.swift; path = ViewController.swift; sourceTree = "<group>"; };
		DB9813EE20F9EA8E00D55313 /* Base */ = {isa = PBXFileReference; lastKnownFileType = file.storyboard; name = Base; path = Base.lproj/Main.storyboard; sourceTree = "<group>"; };
		DB9813F120F9EA8E00D55313 /* CollectionView3_DeleteCell.xcdatamodel */ = {isa = PBXFileReference; lastKnownFileType = wrapper.xcdatamodel; path = CollectionView3_DeleteCell.xcdatamodel; sourceTree = "<group>"; };
		DB9813F320F9EA8E00D55313 /* Assets.xcassets */ = {isa = PBXFileReference; lastKnownFileType = folder.assetcatalog; path = Assets.xcassets; sourceTree = "<group>"; };
		DB9813F620F9EA8E00D55313 /* Base */ = {isa = PBXFileReference; lastKnownFileType = file.storyboard; name = Base; path = Base.lproj/LaunchScreen.storyboard; sourceTree = "<group>"; };
		DB9813F820F9EA8E00D55313 /* Info.plist */ = {isa = PBXFileReference; lastKnownFileType = text.plist.xml; path = Info.plist; sourceTree = "<group>"; };
/* End PBXFileReference section */

/* Begin PBXFrameworksBuildPhase section */
		DB9813E320F9EA8E00D55313 /* Frameworks */ = {
			isa = PBXFrameworksBuildPhase;
			buildActionMask = 2147483647;
			files = (
			);
			runOnlyForDeploymentPostprocessing = 0;
		};
/* End PBXFrameworksBuildPhase section */

/* Begin PBXGroup section */
		DB9813DD20F9EA8E00D55313 = {
			isa = PBXGroup;
			children = (
				DB9813E820F9EA8E00D55313 /* CollectionView3+DeleteCell */,
				DB9813E720F9EA8E00D55313 /* Products */,
			);
			sourceTree = "<group>";
		};
		DB9813E720F9EA8E00D55313 /* Products */ = {
			isa = PBXGroup;
			children = (
				DB9813E620F9EA8E00D55313 /* CollectionView3+DeleteCell.app */,
			);
			name = Products;
			sourceTree = "<group>";
		};
		DB9813E820F9EA8E00D55313 /* CollectionView3+DeleteCell */ = {
			isa = PBXGroup;
			children = (
				DB9813E920F9EA8E00D55313 /* AppDelegate.swift */,
				DB9813EB20F9EA8E00D55313 /* ViewController.swift */,
				DB9813ED20F9EA8E00D55313 /* Main.storyboard */,
				DB9813F320F9EA8E00D55313 /* Assets.xcassets */,
				DB9813F520F9EA8E00D55313 /* LaunchScreen.storyboard */,
				DB9813F820F9EA8E00D55313 /* Info.plist */,
				DB9813F020F9EA8E00D55313 /* CollectionView3_DeleteCell.xcdatamodeld */,
			);
			path = "CollectionView3+DeleteCell";
			sourceTree = "<group>";
		};
/* End PBXGroup section */

/* Begin PBXNativeTarget section */
		DB9813E520F9EA8E00D55313 /* CollectionView3+DeleteCell */ = {
			isa = PBXNativeTarget;
			buildConfigurationList = DB9813FB20F9EA8E00D55313 /* Build configuration list for PBXNativeTarget "CollectionView3+DeleteCell" */;
			buildPhases = (
				DB9813E220F9EA8E00D55313 /* Sources */,
				DB9813E320F9EA8E00D55313 /* Frameworks */,
				DB9813E420F9EA8E00D55313 /* Resources */,
			);
			buildRules = (
			);
			dependencies = (
			);
			name = "CollectionView3+DeleteCell";
			productName = "CollectionView3+DeleteCell";
			productReference = DB9813E620F9EA8E00D55313 /* CollectionView3+DeleteCell.app */;
			productType = "com.apple.product-type.application";
		};
/* End PBXNativeTarget section */

/* Begin PBXProject section */
		DB9813DE20F9EA8E00D55313 /* Project object */ = {
			isa = PBXProject;
			attributes = {
				LastSwiftUpdateCheck = 0920;
				LastUpgradeCheck = 0920;
				ORGANIZATIONNAME = "Đừng xóa";
				TargetAttributes = {
					DB9813E520F9EA8E00D55313 = {
						CreatedOnToolsVersion = 9.2;
						ProvisioningStyle = Automatic;
					};
				};
			};
			buildConfigurationList = DB9813E120F9EA8E00D55313 /* Build configuration list for PBXProject "CollectionView3+DeleteCell" */;
			compatibilityVersion = "Xcode 8.0";
			developmentRegion = en;
			hasScannedForEncodings = 0;
			knownRegions = (
				en,
				Base,
			);
			mainGroup = DB9813DD20F9EA8E00D55313;
			productRefGroup = DB9813E720F9EA8E00D55313 /* Products */;
			projectDirPath = "";
			projectRoot = "";
			targets = (
				DB9813E520F9EA8E00D55313 /* CollectionView3+DeleteCell */,
			);
		};
/* End PBXProject section */

/* Begin PBXResourcesBuildPhase section */
		DB9813E420F9EA8E00D55313 /* Resources */ = {
			isa = PBXResourcesBuildPhase;
			buildActionMask = 2147483647;
			files = (
				DB9813F720F9EA8E00D55313 /* LaunchScreen.storyboard in Resources */,
				DB9813F420F9EA8E00D55313 /* Assets.xcassets in Resources */,
				DB9813EF20F9EA8E00D55313 /* Main.storyboard in Resources */,
			);
			runOnlyForDeploymentPostprocessing = 0;
		};
/* End PBXResourcesBuildPhase section */

/* Begin PBXSourcesBuildPhase section */
		DB9813E220F9EA8E00D55313 /* Sources */ = {
			isa = PBXSourcesBuildPhase;
			buildActionMask = 2147483647;
			files = (
				DB9813EC20F9EA8E00D55313 /* ViewController.swift in Sources */,
				DB9813EA20F9EA8E00D55313 /* AppDelegate.swift in Sources */,
				DB9813F220F9EA8E00D55313 /* CollectionView3_DeleteCell.xcdatamodeld in Sources */,
			);
			runOnlyForDeploymentPostprocessing = 0;
		};
/* End PBXSourcesBuildPhase section */

/* Begin PBXVariantGroup section */
		DB9813ED20F9EA8E00D55313 /* Main.storyboard */ = {
			isa = PBXVariantGroup;
			children = (
				DB9813EE20F9EA8E00D55313 /* Base */,
			);
			name = Main.storyboard;
			sourceTree = "<group>";
		};
		DB9813F520F9EA8E00D55313 /* LaunchScreen.storyboard */ = {
			isa = PBXVariantGroup;
			children = (
				DB9813F620F9EA8E00D55313 /* Base */,
			);
			name = LaunchScreen.storyboard;
			sourceTree = "<group>";
		};
/* End PBXVariantGroup section */

/* Begin XCBuildConfiguration section */
		DB9813F920F9EA8E00D55313 /* Debug */ = {
			isa = XCBuildConfiguration;
			buildSettings = {
				ALWAYS_SEARCH_USER_PATHS = NO;
				CLANG_ANALYZER_NONNULL = YES;
				CLANG_ANALYZER_NUMBER_OBJECT_CONVERSION = YES_AGGRESSIVE;
				CLANG_CXX_LANGUAGE_STANDARD = "gnu++14";
				CLANG_CXX_LIBRARY = "libc++";
				CLANG_ENABLE_MODULES = YES;
				CLANG_ENABLE_OBJC_ARC = YES;
				CLANG_WARN_BLOCK_CAPTURE_AUTORELEASING = YES;
				CLANG_WARN_BOOL_CONVERSION = YES;
				CLANG_WARN_COMMA = YES;
				CLANG_WARN_CONSTANT_CONVERSION = YES;
				CLANG_WARN_DIRECT_OBJC_ISA_USAGE = YES_ERROR;
				CLANG_WARN_DOCUMENTATION_COMMENTS = YES;
				CLANG_WARN_EMPTY_BODY = YES;
				CLANG_WARN_ENUM_CONVERSION = YES;
				CLANG_WARN_INFINITE_RECURSION = YES;
				CLANG_WARN_INT_CONVERSION = YES;
				CLANG_WARN_NON_LITERAL_NULL_CONVERSION = YES;
				CLANG_WARN_OBJC_LITERAL_CONVERSION = YES;
				CLANG_WARN_OBJC_ROOT_CLASS = YES_ERROR;
				CLANG_WARN_RANGE_LOOP_ANALYSIS = YES;
				CLANG_WARN_STRICT_PROTOTYPES = YES;
				CLANG_WARN_SUSPICIOUS_MOVE = YES;
				CLANG_WARN_UNGUARDED_AVAILABILITY = YES_AGGRESSIVE;
				CLANG_WARN_UNREACHABLE_CODE = YES;
				CLANG_WARN__DUPLICATE_METHOD_MATCH = YES;
				CODE_SIGN_IDENTITY = "iPhone Developer";
				COPY_PHASE_STRIP = NO;
				DEBUG_INFORMATION_FORMAT = dwarf;
				ENABLE_STRICT_OBJC_MSGSEND = YES;
				ENABLE_TESTABILITY = YES;
				GCC_C_LANGUAGE_STANDARD = gnu11;
				GCC_DYNAMIC_NO_PIC = NO;
				GCC_NO_COMMON_BLOCKS = YES;
				GCC_OPTIMIZATION_LEVEL = 0;
				GCC_PREPROCESSOR_DEFINITIONS = (
					"DEBUG=1",
					"$(inherited)",
				);
				GCC_WARN_64_TO_32_BIT_CONVERSION = YES;
				GCC_WARN_ABOUT_RETURN_TYPE = YES_ERROR;
				GCC_WARN_UNDECLARED_SELECTOR = YES;
				GCC_WARN_UNINITIALIZED_AUTOS = YES_AGGRESSIVE;
				GCC_WARN_UNUSED_FUNCTION = YES;
				GCC_WARN_UNUSED_VARIABLE = YES;
				IPHONEOS_DEPLOYMENT_TARGET = 11.2;
				MTL_ENABLE_DEBUG_INFO = YES;
				ONLY_ACTIVE_ARCH = YES;
				SDKROOT = iphoneos;
				SWIFT_ACTIVE_COMPILATION_CONDITIONS = DEBUG;
				SWIFT_OPTIMIZATION_LEVEL = "-Onone";
			};
			name = Debug;
		};
		DB9813FA20F9EA8E00D55313 /* Release */ = {
			isa = XCBuildConfiguration;
			buildSettings = {
				ALWAYS_SEARCH_USER_PATHS = NO;
				CLANG_ANALYZER_NONNULL = YES;
				CLANG_ANALYZER_NUMBER_OBJECT_CONVERSION = YES_AGGRESSIVE;
				CLANG_CXX_LANGUAGE_STANDARD = "gnu++14";
				CLANG_CXX_LIBRARY = "libc++";
				CLANG_ENABLE_MODULES = YES;
				CLANG_ENABLE_OBJC_ARC = YES;
				CLANG_WARN_BLOCK_CAPTURE_AUTORELEASING = YES;
				CLANG_WARN_BOOL_CONVERSION = YES;
				CLANG_WARN_COMMA = YES;
				CLANG_WARN_CONSTANT_CONVERSION = YES;
				CLANG_WARN_DIRECT_OBJC_ISA_USAGE = YES_ERROR;
				CLANG_WARN_DOCUMENTATION_COMMENTS = YES;
				CLANG_WARN_EMPTY_BODY = YES;
				CLANG_WARN_ENUM_CONVERSION = YES;
				CLANG_WARN_INFINITE_RECURSION = YES;
				CLANG_WARN_INT_CONVERSION = YES;
				CLANG_WARN_NON_LITERAL_NULL_CONVERSION = YES;
				CLANG_WARN_OBJC_LITERAL_CONVERSION = YES;
				CLANG_WARN_OBJC_ROOT_CLASS = YES_ERROR;
				CLANG_WARN_RANGE_LOOP_ANALYSIS = YES;
				CLANG_WARN_STRICT_PROTOTYPES = YES;
				CLANG_WARN_SUSPICIOUS_MOVE = YES;
				CLANG_WARN_UNGUARDED_AVAILABILITY = YES_AGGRESSIVE;
				CLANG_WARN_UNREACHABLE_CODE = YES;
				CLANG_WARN__DUPLICATE_METHOD_MATCH = YES;
				CODE_SIGN_IDENTITY = "iPhone Developer";
				COPY_PHASE_STRIP = NO;
				DEBUG_INFORMATION_FORMAT = "dwarf-with-dsym";
				ENABLE_NS_ASSERTIONS = NO;
				ENABLE_STRICT_OBJC_MSGSEND = YES;
				GCC_C_LANGUAGE_STANDARD = gnu11;
				GCC_NO_COMMON_BLOCKS = YES;
				GCC_WARN_64_TO_32_BIT_CONVERSION = YES;
				GCC_WARN_ABOUT_RETURN_TYPE = YES_ERROR;
				GCC_WARN_UNDECLARED_SELECTOR = YES;
				GCC_WARN_UNINITIALIZED_AUTOS = YES_AGGRESSIVE;
				GCC_WARN_UNUSED_FUNCTION = YES;
				GCC_WARN_UNUSED_VARIABLE = YES;
				IPHONEOS_DEPLOYMENT_TARGET = 11.2;
				MTL_ENABLE_DEBUG_INFO = NO;
				SDKROOT = iphoneos;
				SWIFT_OPTIMIZATION_LEVEL = "-Owholemodule";
				VALIDATE_PRODUCT = YES;
			};
			name = Release;
		};
		DB9813FC20F9EA8E00D55313 /* Debug */ = {
			isa = XCBuildConfiguration;
			buildSettings = {
				ASSETCATALOG_COMPILER_APPICON_NAME = AppIcon;
				CODE_SIGN_STYLE = Automatic;
				INFOPLIST_FILE = "CollectionView3+DeleteCell/Info.plist";
				LD_RUNPATH_SEARCH_PATHS = "$(inherited) @executable_path/Frameworks";
				PRODUCT_BUNDLE_IDENTIFIER = "Hhuyy.CollectionView3-DeleteCell";
				PRODUCT_NAME = "$(TARGET_NAME)";
				SWIFT_VERSION = 4.0;
				TARGETED_DEVICE_FAMILY = "1,2";
			};
			name = Debug;
		};
		DB9813FD20F9EA8E00D55313 /* Release */ = {
			isa = XCBuildConfiguration;
			buildSettings = {
				ASSETCATALOG_COMPILER_APPICON_NAME = AppIcon;
				CODE_SIGN_STYLE = Automatic;
				INFOPLIST_FILE = "CollectionView3+DeleteCell/Info.plist";
				LD_RUNPATH_SEARCH_PATHS = "$(inherited) @executable_path/Frameworks";
				PRODUCT_BUNDLE_IDENTIFIER = "Hhuyy.CollectionView3-DeleteCell";
				PRODUCT_NAME = "$(TARGET_NAME)";
				SWIFT_VERSION = 4.0;
				TARGETED_DEVICE_FAMILY = "1,2";
			};
			name = Release;
		};
/* End XCBuildConfiguration section */

/* Begin XCConfigurationList section */
		DB9813E120F9EA8E00D55313 /* Build configuration list for PBXProject "CollectionView3+DeleteCell" */ = {
			isa = XCConfigurationList;
			buildConfigurations = (
				DB9813F920F9EA8E00D55313 /* Debug */,
				DB9813FA20F9EA8E00D55313 /* Release */,
			);
			defaultConfigurationIsVisible = 0;
			defaultConfigurationName = Release;
		};
		DB9813FB20F9EA8E00D55313 /* Build configuration list for PBXNativeTarget "CollectionView3+DeleteCell" */ = {
			isa = XCConfigurationList;
			buildConfigurations = (
				DB9813FC20F9EA8E00D55313 /* Debug */,
				DB9813FD20F9EA8E00D55313 /* Release */,
			);
			defaultConfigurationIsVisible = 0;
			defaultConfigurationName = Release;
		};
/* End XCConfigurationList section */

/* Begin XCVersionGroup section */
		DB9813F020F9EA8E00D55313 /* CollectionView3_DeleteCell.xcdatamodeld */ = {
			isa = XCVersionGroup;
			children = (
				DB9813F120F9EA8E00D55313 /* CollectionView3_DeleteCell.xcdatamodel */,
			);
			currentVersion = DB9813F120F9EA8E00D55313 /* CollectionView3_DeleteCell.xcdatamodel */;
			path = CollectionView3_DeleteCell.xcdatamodeld;
			sourceTree = "<group>";
			versionGroupType = wrapper.xcdatamodel;
		};
/* End XCVersionGroup section */
	};
	rootObject = DB9813DE20F9EA8E00D55313 /* Project object */;
}
